
Microsoft Visual Studio Solution File, Format Version 12.00
# Visual Studio Version 16
VisualStudioVersion = 16.0.30907.101
MinimumVisualStudioVersion = 10.0.40219.1
Project("{FAE04EC0-301F-11D3-BF4B-00C04F79EFBC}") = "RegistroAcademico", "RegistroAcademico\RegistroAcademico.csproj", "{B265B459-B4B6-44BC-BDB1-B401C58DC48F}"
EndProject
Project("{FAE04EC0-301F-11D3-BF4B-00C04F79EFBC}") = "ApiAgiles", "ApiAgiles\ApiAgiles.csproj", "{2279F218-6062-485C-9665-7862D62FF601}"
EndProject
Global
	GlobalSection(SolutionConfigurationPlatforms) = preSolution
		Debug|Any CPU = Debug|Any CPU
		Release|Any CPU = Release|Any CPU
	EndGlobalSection
	GlobalSection(ProjectConfigurationPlatforms) = postSolution
		{B265B459-B4B6-44BC-BDB1-B401C58DC48F}.Debug|Any CPU.ActiveCfg = Debug|Any CPU
		{B265B459-B4B6-44BC-BDB1-B401C58DC48F}.Debug|Any CPU.Build.0 = Debug|Any CPU
		{B265B459-B4B6-44BC-BDB1-B401C58DC48F}.Release|Any CPU.ActiveCfg = Release|Any CPU
		{B265B459-B4B6-44BC-BDB1-B401C58DC48F}.Release|Any CPU.Build.0 = Release|Any CPU
		{2279F218-6062-485C-9665-7862D62FF601}.Debug|Any CPU.ActiveCfg = Debug|Any CPU
		{2279F218-6062-485C-9665-7862D62FF601}.Debug|Any CPU.Build.0 = Debug|Any CPU
		{2279F218-6062-485C-9665-7862D62FF601}.Release|Any CPU.ActiveCfg = Release|Any CPU
		{2279F218-6062-485C-9665-7862D62FF601}.Release|Any CPU.Build.0 = Release|Any CPU
	EndGlobalSection
	GlobalSection(SolutionProperties) = preSolution
		HideSolutionNode = FALSE
	EndGlobalSection
	GlobalSection(ExtensibilityGlobals) = postSolution
		SolutionGuid = {6D765FAD-7BBD-494A-94F7-1803A90A0BC4}
	EndGlobalSection
EndGlobal
